
Microsoft Visual Studio Solution File, Format Version 12.00
# Visual Studio Version 17
VisualStudioVersion = 17.5.002.0
MinimumVisualStudioVersion = 10.0.40219.1
Project("{9A19103F-16F7-4668-BE54-9A1E7A4F7556}") = "MyProject", "MyProject.csproj", "{FFB0849E-0409-49BD-890F-702BF7582F6B}"
EndProject
Global
	GlobalSection(SolutionConfigurationPlatforms) = preSolution
		Debug|Any CPU = Debug|Any CPU
		Release|Any CPU = Release|Any CPU
	EndGlobalSection
	GlobalSection(ProjectConfigurationPlatforms) = postSolution
		{FFB0849E-0409-49BD-890F-702BF7582F6B}.Debug|Any CPU.ActiveCfg = Debug|Any CPU
		{FFB0849E-0409-49BD-890F-702BF7582F6B}.Debug|Any CPU.Build.0 = Debug|Any CPU
		{FFB0849E-0409-49BD-890F-702BF7582F6B}.Release|Any CPU.ActiveCfg = Release|Any CPU
		{FFB0849E-0409-49BD-890F-702BF7582F6B}.Release|Any CPU.Build.0 = Release|Any CPU
	EndGlobalSection
	GlobalSection(SolutionProperties) = preSolution
		HideSolutionNode = FALSE
	EndGlobalSection
	GlobalSection(ExtensibilityGlobals) = postSolution
		SolutionGuid = {CE96AEC4-46A0-4B23-804F-9A177AE72E9B}
	EndGlobalSection
EndGlobal
