
Microsoft Visual Studio Solution File, Format Version 12.00
# Visual Studio Version 16
VisualStudioVersion = 25.0.1706.10
MinimumVisualStudioVersion = 10.0.40219.1
Project("{FAE04EC0-301F-11D3-BF4B-00C04F79EFBC}") = "OldUnitTest", "OldUnitTest.csproj", "{8BFF5D3A-71A8-40EB-BCEB-E0851BB1994B}"
EndProject
Global
	GlobalSection(SolutionConfigurationPlatforms) = preSolution
		Debug|Any CPU = Debug|Any CPU
		Release|Any CPU = Release|Any CPU
	EndGlobalSection
	GlobalSection(ProjectConfigurationPlatforms) = postSolution
		{8BFF5D3A-71A8-40EB-BCEB-E0851BB1994B}.Debug|Any CPU.ActiveCfg = Debug|Any CPU
		{8BFF5D3A-71A8-40EB-BCEB-E0851BB1994B}.Debug|Any CPU.Build.0 = Debug|Any CPU
		{8BFF5D3A-71A8-40EB-BCEB-E0851BB1994B}.Release|Any CPU.ActiveCfg = Release|Any CPU
		{8BFF5D3A-71A8-40EB-BCEB-E0851BB1994B}.Release|Any CPU.Build.0 = Release|Any CPU
	EndGlobalSection
	GlobalSection(SolutionProperties) = preSolution
		HideSolutionNode = FALSE
	EndGlobalSection
	GlobalSection(ExtensibilityGlobals) = postSolution
		SolutionGuid = {EC876CC4-8135-4E5F-A12E-39958522AEB9}
	EndGlobalSection
EndGlobal
